
Microsoft Visual Studio Solution File, Format Version 12.00
# Visual Studio Version 17
VisualStudioVersion = 17.11.35303.130
MinimumVisualStudioVersion = 10.0.40219.1
Project("{FAE04EC0-301F-11D3-BF4B-00C04F79EFBC}") = "PaymentApi", "PaymentApi\PaymentApi.csproj", "{3D48F84C-3C9C-43C4-A7EF-2CC6C989F487}"
EndProject
Global
	GlobalSection(SolutionConfigurationPlatforms) = preSolution
		Debug|Any CPU = Debug|Any CPU
		Release|Any CPU = Release|Any CPU
	EndGlobalSection
	GlobalSection(ProjectConfigurationPlatforms) = postSolution
		{3D48F84C-3C9C-43C4-A7EF-2CC6C989F487}.Debug|Any CPU.ActiveCfg = Debug|Any CPU
		{3D48F84C-3C9C-43C4-A7EF-2CC6C989F487}.Debug|Any CPU.Build.0 = Debug|Any CPU
		{3D48F84C-3C9C-43C4-A7EF-2CC6C989F487}.Release|Any CPU.ActiveCfg = Release|Any CPU
		{3D48F84C-3C9C-43C4-A7EF-2CC6C989F487}.Release|Any CPU.Build.0 = Release|Any CPU
	EndGlobalSection
	GlobalSection(SolutionProperties) = preSolution
		HideSolutionNode = FALSE
	EndGlobalSection
	GlobalSection(ExtensibilityGlobals) = postSolution
		SolutionGuid = {BE61CBA2-425B-4C8F-BC23-BC125EFD91A4}
	EndGlobalSection
EndGlobal
